
Microsoft Visual Studio Solution File, Format Version 12.00
Project("{FAE04EC0-301F-11D3-BF4B-00C04F79EFBC}") = "KuzyaBackend.Web", "KuzyaBackend.Web\KuzyaBackend.Web.csproj", "{749126EF-BF1B-4FEE-84CA-9AE3FDFADFF4}"
EndProject
Project("{FAE04EC0-301F-11D3-BF4B-00C04F79EFBC}") = "KuzyaBackend.DataAccess", "KuzyaBackend.DataAccess\KuzyaBackend.DataAccess.csproj", "{C6F924D7-8640-40AE-A80E-3D66FD79CB41}"
EndProject
Project("{FAE04EC0-301F-11D3-BF4B-00C04F79EFBC}") = "KuzyaBackend.Services", "KuzyaBackend.Services\KuzyaBackend.Services.csproj", "{8CB9D6C5-726F-451B-8FD0-47C78D6CD842}"
EndProject
Project("{FAE04EC0-301F-11D3-BF4B-00C04F79EFBC}") = "KuzyaBackend.DataAccess.Models", "KuzyaBackend.DataAccess.Models\KuzyaBackend.DataAccess.Models.csproj", "{A27C349C-F8A1-4FE8-B7C1-11B2B3806DDF}"
EndProject
Project("{FAE04EC0-301F-11D3-BF4B-00C04F79EFBC}") = "KuzyaBackend.Web.DTOs", "KuzyaBackend.Web.DTOs\KuzyaBackend.Web.DTOs.csproj", "{494FB396-FD2B-411C-A61A-4911B41B9ACC}"
EndProject
Project("{2150E333-8FDC-42A3-9474-1A3956D46DE8}") = "src", "src", "{FE566FA2-598F-4DF2-8C11-7789BB4B2E50}"
	ProjectSection(SolutionItems) = preProject
		Dockerfile = Dockerfile
		.dockerignore = .dockerignore
	EndProjectSection
EndProject
Project("{2150E333-8FDC-42A3-9474-1A3956D46DE8}") = "tests", "tests", "{61251823-06BB-42B4-BF13-D517056CF23B}"
EndProject
Project("{FAE04EC0-301F-11D3-BF4B-00C04F79EFBC}") = "KuzyaBackend.Web.Tests", "KuzyaBackend.Web.Tests\KuzyaBackend.Web.Tests.csproj", "{3FFC5199-92CB-4770-B555-575BEE78911D}"
EndProject
Project("{FAE04EC0-301F-11D3-BF4B-00C04F79EFBC}") = "KuzyaBackend.Services.Tests", "KuzyaBackend.Services.Tests\KuzyaBackend.Services.Tests.csproj", "{6F69E025-27D7-4F48-9418-8F875DD20714}"
EndProject
Project("{FAE04EC0-301F-11D3-BF4B-00C04F79EFBC}") = "KuzyaBackend.DataAccess.Tests", "KuzyaBackend.DataAccess.Tests\KuzyaBackend.DataAccess.Tests.csproj", "{EEF46EB9-4B13-40FA-B61A-23AB7CD6D3D9}"
EndProject
Global
	GlobalSection(SolutionConfigurationPlatforms) = preSolution
		Debug|Any CPU = Debug|Any CPU
		Release|Any CPU = Release|Any CPU
	EndGlobalSection
	GlobalSection(ProjectConfigurationPlatforms) = postSolution
		{749126EF-BF1B-4FEE-84CA-9AE3FDFADFF4}.Debug|Any CPU.ActiveCfg = Debug|Any CPU
		{749126EF-BF1B-4FEE-84CA-9AE3FDFADFF4}.Debug|Any CPU.Build.0 = Debug|Any CPU
		{749126EF-BF1B-4FEE-84CA-9AE3FDFADFF4}.Release|Any CPU.ActiveCfg = Release|Any CPU
		{749126EF-BF1B-4FEE-84CA-9AE3FDFADFF4}.Release|Any CPU.Build.0 = Release|Any CPU
		{C6F924D7-8640-40AE-A80E-3D66FD79CB41}.Debug|Any CPU.ActiveCfg = Debug|Any CPU
		{C6F924D7-8640-40AE-A80E-3D66FD79CB41}.Debug|Any CPU.Build.0 = Debug|Any CPU
		{C6F924D7-8640-40AE-A80E-3D66FD79CB41}.Release|Any CPU.ActiveCfg = Release|Any CPU
		{C6F924D7-8640-40AE-A80E-3D66FD79CB41}.Release|Any CPU.Build.0 = Release|Any CPU
		{8CB9D6C5-726F-451B-8FD0-47C78D6CD842}.Debug|Any CPU.ActiveCfg = Debug|Any CPU
		{8CB9D6C5-726F-451B-8FD0-47C78D6CD842}.Debug|Any CPU.Build.0 = Debug|Any CPU
		{8CB9D6C5-726F-451B-8FD0-47C78D6CD842}.Release|Any CPU.ActiveCfg = Release|Any CPU
		{8CB9D6C5-726F-451B-8FD0-47C78D6CD842}.Release|Any CPU.Build.0 = Release|Any CPU
		{A27C349C-F8A1-4FE8-B7C1-11B2B3806DDF}.Debug|Any CPU.ActiveCfg = Debug|Any CPU
		{A27C349C-F8A1-4FE8-B7C1-11B2B3806DDF}.Debug|Any CPU.Build.0 = Debug|Any CPU
		{A27C349C-F8A1-4FE8-B7C1-11B2B3806DDF}.Release|Any CPU.ActiveCfg = Release|Any CPU
		{A27C349C-F8A1-4FE8-B7C1-11B2B3806DDF}.Release|Any CPU.Build.0 = Release|Any CPU
		{494FB396-FD2B-411C-A61A-4911B41B9ACC}.Debug|Any CPU.ActiveCfg = Debug|Any CPU
		{494FB396-FD2B-411C-A61A-4911B41B9ACC}.Debug|Any CPU.Build.0 = Debug|Any CPU
		{494FB396-FD2B-411C-A61A-4911B41B9ACC}.Release|Any CPU.ActiveCfg = Release|Any CPU
		{494FB396-FD2B-411C-A61A-4911B41B9ACC}.Release|Any CPU.Build.0 = Release|Any CPU
		{3FFC5199-92CB-4770-B555-575BEE78911D}.Debug|Any CPU.ActiveCfg = Debug|Any CPU
		{3FFC5199-92CB-4770-B555-575BEE78911D}.Debug|Any CPU.Build.0 = Debug|Any CPU
		{3FFC5199-92CB-4770-B555-575BEE78911D}.Release|Any CPU.ActiveCfg = Release|Any CPU
		{3FFC5199-92CB-4770-B555-575BEE78911D}.Release|Any CPU.Build.0 = Release|Any CPU
		{6F69E025-27D7-4F48-9418-8F875DD20714}.Debug|Any CPU.ActiveCfg = Debug|Any CPU
		{6F69E025-27D7-4F48-9418-8F875DD20714}.Debug|Any CPU.Build.0 = Debug|Any CPU
		{6F69E025-27D7-4F48-9418-8F875DD20714}.Release|Any CPU.ActiveCfg = Release|Any CPU
		{6F69E025-27D7-4F48-9418-8F875DD20714}.Release|Any CPU.Build.0 = Release|Any CPU
		{EEF46EB9-4B13-40FA-B61A-23AB7CD6D3D9}.Debug|Any CPU.ActiveCfg = Debug|Any CPU
		{EEF46EB9-4B13-40FA-B61A-23AB7CD6D3D9}.Debug|Any CPU.Build.0 = Debug|Any CPU
		{EEF46EB9-4B13-40FA-B61A-23AB7CD6D3D9}.Release|Any CPU.ActiveCfg = Release|Any CPU
		{EEF46EB9-4B13-40FA-B61A-23AB7CD6D3D9}.Release|Any CPU.Build.0 = Release|Any CPU
	EndGlobalSection
	GlobalSection(NestedProjects) = preSolution
		{749126EF-BF1B-4FEE-84CA-9AE3FDFADFF4} = {FE566FA2-598F-4DF2-8C11-7789BB4B2E50}
		{494FB396-FD2B-411C-A61A-4911B41B9ACC} = {FE566FA2-598F-4DF2-8C11-7789BB4B2E50}
		{C6F924D7-8640-40AE-A80E-3D66FD79CB41} = {FE566FA2-598F-4DF2-8C11-7789BB4B2E50}
		{A27C349C-F8A1-4FE8-B7C1-11B2B3806DDF} = {FE566FA2-598F-4DF2-8C11-7789BB4B2E50}
		{8CB9D6C5-726F-451B-8FD0-47C78D6CD842} = {FE566FA2-598F-4DF2-8C11-7789BB4B2E50}
		{3FFC5199-92CB-4770-B555-575BEE78911D} = {61251823-06BB-42B4-BF13-D517056CF23B}
		{6F69E025-27D7-4F48-9418-8F875DD20714} = {61251823-06BB-42B4-BF13-D517056CF23B}
		{EEF46EB9-4B13-40FA-B61A-23AB7CD6D3D9} = {61251823-06BB-42B4-BF13-D517056CF23B}
	EndGlobalSection
EndGlobal
